
Microsoft Visual Studio Solution File, Format Version 12.00
# Visual Studio 15
VisualStudioVersion = 15.0.27703.2018
MinimumVisualStudioVersion = 10.0.40219.1
Project("{888888A0-9F3D-457C-B088-3A5042F75D52}") = "eDivorce", "eDivorce.pyproj", "{49AF6729-7075-48AB-903A-DD921E4282B5}"
EndProject
Global
	GlobalSection(SolutionConfigurationPlatforms) = preSolution
		Debug|Any CPU = Debug|Any CPU
		Release|Any CPU = Release|Any CPU
	EndGlobalSection
	GlobalSection(ProjectConfigurationPlatforms) = postSolution
		{49AF6729-7075-48AB-903A-DD921E4282B5}.Debug|Any CPU.ActiveCfg = Debug|Any CPU
		{49AF6729-7075-48AB-903A-DD921E4282B5}.Debug|Any CPU.Build.0 = Debug|Any CPU
		{49AF6729-7075-48AB-903A-DD921E4282B5}.Release|Any CPU.ActiveCfg = Release|Any CPU
		{49AF6729-7075-48AB-903A-DD921E4282B5}.Release|Any CPU.Build.0 = Release|Any CPU
	EndGlobalSection
	GlobalSection(SolutionProperties) = preSolution
		HideSolutionNode = FALSE
	EndGlobalSection
	GlobalSection(ExtensibilityGlobals) = postSolution
		SolutionGuid = {9E16EECB-E9F8-4631-BA0D-4BC734F9D5FA}
	EndGlobalSection
EndGlobal
